// !$*UTF8*$!
{
	archiveVersion = 1;
	classes = {
	};
	objectVersion = 56;
	objects = {

/* Begin PBXBuildFile section */
		EA6492DD2A84F861003623A1 /* locationsView.swift in Sources */ = {isa = PBXBuildFile; fileRef = EA6492DC2A84F861003623A1 /* locationsView.swift */; };
		EA6492DF2A8505B5003623A1 /* sheetEditGame.swift in Sources */ = {isa = PBXBuildFile; fileRef = EA6492DE2A8505B5003623A1 /* sheetEditGame.swift */; };
		EA6493032A88F8DD003623A1 /* PokerGlobals.swift in Sources */ = {isa = PBXBuildFile; fileRef = EA6493022A88F8DD003623A1 /* PokerGlobals.swift */; };
		EA8E5B982A83B8B0004D398B /* location.swift in Sources */ = {isa = PBXBuildFile; fileRef = EA8E5B972A83B8B0004D398B /* location.swift */; };
		EA8E5B9C2A83C72E004D398B /* FilterView.swift in Sources */ = {isa = PBXBuildFile; fileRef = EA8E5B9B2A83C72E004D398B /* FilterView.swift */; };
		EA8E5B9E2A83C7AC004D398B /* SettingsView.swift in Sources */ = {isa = PBXBuildFile; fileRef = EA8E5B9D2A83C7AC004D398B /* SettingsView.swift */; };
		EAA579CB2A7E68E50014C23E /* Poker_Money_Tracker_Aug_2023App.swift in Sources */ = {isa = PBXBuildFile; fileRef = EAA579CA2A7E68E50014C23E /* Poker_Money_Tracker_Aug_2023App.swift */; };
		EAA579CD2A7E68E50014C23E /* ContentView.swift in Sources */ = {isa = PBXBuildFile; fileRef = EAA579CC2A7E68E50014C23E /* ContentView.swift */; };
		EAA579D12A7E68E80014C23E /* Assets.xcassets in Resources */ = {isa = PBXBuildFile; fileRef = EAA579D02A7E68E80014C23E /* Assets.xcassets */; };
		EAA579D42A7E68E80014C23E /* Preview Assets.xcassets in Resources */ = {isa = PBXBuildFile; fileRef = EAA579D32A7E68E80014C23E /* Preview Assets.xcassets */; };
		EAA579DB2A7E6BDC0014C23E /* dataitem.swift in Sources */ = {isa = PBXBuildFile; fileRef = EAA579DA2A7E6BDC0014C23E /* dataitem.swift */; };
		EACB03AE2A7FB2D80059ADE1 /* game.swift in Sources */ = {isa = PBXBuildFile; fileRef = EACB03AD2A7FB2D80059ADE1 /* game.swift */; };
/* End PBXBuildFile section */

/* Begin PBXFileReference section */
		EA6492DC2A84F861003623A1 /* locationsView.swift */ = {isa = PBXFileReference; lastKnownFileType = sourcecode.swift; path = locationsView.swift; sourceTree = "<group>"; };
		EA6492DE2A8505B5003623A1 /* sheetEditGame.swift */ = {isa = PBXFileReference; lastKnownFileType = sourcecode.swift; path = sheetEditGame.swift; sourceTree = "<group>"; };
		EA6493022A88F8DD003623A1 /* PokerGlobals.swift */ = {isa = PBXFileReference; lastKnownFileType = sourcecode.swift; path = PokerGlobals.swift; sourceTree = "<group>"; };
		EA8E5B972A83B8B0004D398B /* location.swift */ = {isa = PBXFileReference; lastKnownFileType = sourcecode.swift; path = location.swift; sourceTree = "<group>"; };
		EA8E5B9B2A83C72E004D398B /* FilterView.swift */ = {isa = PBXFileReference; lastKnownFileType = sourcecode.swift; path = FilterView.swift; sourceTree = "<group>"; };
		EA8E5B9D2A83C7AC004D398B /* SettingsView.swift */ = {isa = PBXFileReference; lastKnownFileType = sourcecode.swift; path = SettingsView.swift; sourceTree = "<group>"; };
		EAA579C72A7E68E50014C23E /* Poker Money Tracker Aug 2023.app */ = {isa = PBXFileReference; explicitFileType = wrapper.application; includeInIndex = 0; path = "Poker Money Tracker Aug 2023.app"; sourceTree = BUILT_PRODUCTS_DIR; };
		EAA579CA2A7E68E50014C23E /* Poker_Money_Tracker_Aug_2023App.swift */ = {isa = PBXFileReference; lastKnownFileType = sourcecode.swift; path = Poker_Money_Tracker_Aug_2023App.swift; sourceTree = "<group>"; };
		EAA579CC2A7E68E50014C23E /* ContentView.swift */ = {isa = PBXFileReference; lastKnownFileType = sourcecode.swift; path = ContentView.swift; sourceTree = "<group>"; };
		EAA579D02A7E68E80014C23E /* Assets.xcassets */ = {isa = PBXFileReference; lastKnownFileType = folder.assetcatalog; path = Assets.xcassets; sourceTree = "<group>"; };
		EAA579D32A7E68E80014C23E /* Preview Assets.xcassets */ = {isa = PBXFileReference; lastKnownFileType = folder.assetcatalog; path = "Preview Assets.xcassets"; sourceTree = "<group>"; };
		EAA579DA2A7E6BDC0014C23E /* dataitem.swift */ = {isa = PBXFileReference; lastKnownFileType = sourcecode.swift; path = dataitem.swift; sourceTree = "<group>"; };
		EACB03AD2A7FB2D80059ADE1 /* game.swift */ = {isa = PBXFileReference; lastKnownFileType = sourcecode.swift; path = game.swift; sourceTree = "<group>"; };
/* End PBXFileReference section */

/* Begin PBXFrameworksBuildPhase section */
		EAA579C42A7E68E50014C23E /* Frameworks */ = {
			isa = PBXFrameworksBuildPhase;
			buildActionMask = 2147483647;
			files = (
			);
			runOnlyForDeploymentPostprocessing = 0;
		};
/* End PBXFrameworksBuildPhase section */

/* Begin PBXGroup section */
		EAA579BE2A7E68E50014C23E = {
			isa = PBXGroup;
			children = (
				EAA579DA2A7E6BDC0014C23E /* dataitem.swift */,
				EAA579C92A7E68E50014C23E /* Poker Money Tracker Aug 2023 */,
				EAA579C82A7E68E50014C23E /* Products */,
			);
			sourceTree = "<group>";
		};
		EAA579C82A7E68E50014C23E /* Products */ = {
			isa = PBXGroup;
			children = (
				EAA579C72A7E68E50014C23E /* Poker Money Tracker Aug 2023.app */,
			);
			name = Products;
			sourceTree = "<group>";
		};
		EAA579C92A7E68E50014C23E /* Poker Money Tracker Aug 2023 */ = {
			isa = PBXGroup;
			children = (
				EAA579CA2A7E68E50014C23E /* Poker_Money_Tracker_Aug_2023App.swift */,
				EA8E5B9D2A83C7AC004D398B /* SettingsView.swift */,
				EA8E5B9B2A83C72E004D398B /* FilterView.swift */,
				EAA579CC2A7E68E50014C23E /* ContentView.swift */,
				EACB03AD2A7FB2D80059ADE1 /* game.swift */,
				EA6492DC2A84F861003623A1 /* locationsView.swift */,
				EA8E5B972A83B8B0004D398B /* location.swift */,
				EA6492DE2A8505B5003623A1 /* sheetEditGame.swift */,
				EAA579D02A7E68E80014C23E /* Assets.xcassets */,
				EAA579D22A7E68E80014C23E /* Preview Content */,
				EA6493022A88F8DD003623A1 /* PokerGlobals.swift */,
			);
			path = "Poker Money Tracker Aug 2023";
			sourceTree = "<group>";
		};
		EAA579D22A7E68E80014C23E /* Preview Content */ = {
			isa = PBXGroup;
			children = (
				EAA579D32A7E68E80014C23E /* Preview Assets.xcassets */,
			);
			path = "Preview Content";
			sourceTree = "<group>";
		};
/* End PBXGroup section */

/* Begin PBXNativeTarget section */
		EAA579C62A7E68E50014C23E /* Poker Money Tracker Aug 2023 */ = {
			isa = PBXNativeTarget;
			buildConfigurationList = EAA579D72A7E68E80014C23E /* Build configuration list for PBXNativeTarget "Poker Money Tracker Aug 2023" */;
			buildPhases = (
				EAA579C32A7E68E50014C23E /* Sources */,
				EAA579C42A7E68E50014C23E /* Frameworks */,
				EAA579C52A7E68E50014C23E /* Resources */,
			);
			buildRules = (
			);
			dependencies = (
			);
			name = "Poker Money Tracker Aug 2023";
			productName = "Poker Money Tracker Aug 2023";
			productReference = EAA579C72A7E68E50014C23E /* Poker Money Tracker Aug 2023.app */;
			productType = "com.apple.product-type.application";
		};
/* End PBXNativeTarget section */

/* Begin PBXProject section */
		EAA579BF2A7E68E50014C23E /* Project object */ = {
			isa = PBXProject;
			attributes = {
				BuildIndependentTargetsInParallel = 1;
				LastSwiftUpdateCheck = 1500;
				LastUpgradeCheck = 1500;
				TargetAttributes = {
					EAA579C62A7E68E50014C23E = {
						CreatedOnToolsVersion = 15.0;
					};
				};
			};
			buildConfigurationList = EAA579C22A7E68E50014C23E /* Build configuration list for PBXProject "Poker Money Tracker Aug 2023" */;
			compatibilityVersion = "Xcode 14.0";
			developmentRegion = en;
			hasScannedForEncodings = 0;
			knownRegions = (
				en,
				Base,
			);
			mainGroup = EAA579BE2A7E68E50014C23E;
			productRefGroup = EAA579C82A7E68E50014C23E /* Products */;
			projectDirPath = "";
			projectRoot = "";
			targets = (
				EAA579C62A7E68E50014C23E /* Poker Money Tracker Aug 2023 */,
			);
		};
/* End PBXProject section */

/* Begin PBXResourcesBuildPhase section */
		EAA579C52A7E68E50014C23E /* Resources */ = {
			isa = PBXResourcesBuildPhase;
			buildActionMask = 2147483647;
			files = (
				EAA579D42A7E68E80014C23E /* Preview Assets.xcassets in Resources */,
				EAA579D12A7E68E80014C23E /* Assets.xcassets in Resources */,
			);
			runOnlyForDeploymentPostprocessing = 0;
		};
/* End PBXResourcesBuildPhase section */

/* Begin PBXSourcesBuildPhase section */
		EAA579C32A7E68E50014C23E /* Sources */ = {
			isa = PBXSourcesBuildPhase;
			buildActionMask = 2147483647;
			files = (
				EAA579CD2A7E68E50014C23E /* ContentView.swift in Sources */,
				EA6492DD2A84F861003623A1 /* locationsView.swift in Sources */,
				EA8E5B982A83B8B0004D398B /* location.swift in Sources */,
				EA8E5B9C2A83C72E004D398B /* FilterView.swift in Sources */,
				EA8E5B9E2A83C7AC004D398B /* SettingsView.swift in Sources */,
				EA6492DF2A8505B5003623A1 /* sheetEditGame.swift in Sources */,
				EA6493032A88F8DD003623A1 /* PokerGlobals.swift in Sources */,
				EACB03AE2A7FB2D80059ADE1 /* game.swift in Sources */,
				EAA579DB2A7E6BDC0014C23E /* dataitem.swift in Sources */,
				EAA579CB2A7E68E50014C23E /* Poker_Money_Tracker_Aug_2023App.swift in Sources */,
			);
			runOnlyForDeploymentPostprocessing = 0;
		};
/* End PBXSourcesBuildPhase section */

/* Begin XCBuildConfiguration section */
		EAA579D52A7E68E80014C23E /* Debug */ = {
			isa = XCBuildConfiguration;
			buildSettings = {
				ALWAYS_SEARCH_USER_PATHS = NO;
				ASSETCATALOG_COMPILER_GENERATE_SWIFT_ASSET_SYMBOL_EXTENSIONS = YES;
				CLANG_ANALYZER_NONNULL = YES;
				CLANG_ANALYZER_NUMBER_OBJECT_CONVERSION = YES_AGGRESSIVE;
				CLANG_CXX_LANGUAGE_STANDARD = "gnu++20";
				CLANG_ENABLE_MODULES = YES;
				CLANG_ENABLE_OBJC_ARC = YES;
				CLANG_ENABLE_OBJC_WEAK = YES;
				CLANG_WARN_BLOCK_CAPTURE_AUTORELEASING = YES;
				CLANG_WARN_BOOL_CONVERSION = YES;
				CLANG_WARN_COMMA = YES;
				CLANG_WARN_CONSTANT_CONVERSION = YES;
				CLANG_WARN_DEPRECATED_OBJC_IMPLEMENTATIONS = YES;
				CLANG_WARN_DIRECT_OBJC_ISA_USAGE = YES_ERROR;
				CLANG_WARN_DOCUMENTATION_COMMENTS = YES;
				CLANG_WARN_EMPTY_BODY = YES;
				CLANG_WARN_ENUM_CONVERSION = YES;
				CLANG_WARN_INFINITE_RECURSION = YES;
				CLANG_WARN_INT_CONVERSION = YES;
				CLANG_WARN_NON_LITERAL_NULL_CONVERSION = YES;
				CLANG_WARN_OBJC_IMPLICIT_RETAIN_SELF = YES;
				CLANG_WARN_OBJC_LITERAL_CONVERSION = YES;
				CLANG_WARN_OBJC_ROOT_CLASS = YES_ERROR;
				CLANG_WARN_QUOTED_INCLUDE_IN_FRAMEWORK_HEADER = YES;
				CLANG_WARN_RANGE_LOOP_ANALYSIS = YES;
				CLANG_WARN_STRICT_PROTOTYPES = YES;
				CLANG_WARN_SUSPICIOUS_MOVE = YES;
				CLANG_WARN_UNGUARDED_AVAILABILITY = YES_AGGRESSIVE;
				CLANG_WARN_UNREACHABLE_CODE = YES;
				CLANG_WARN__DUPLICATE_METHOD_MATCH = YES;
				COPY_PHASE_STRIP = NO;
				DEBUG_INFORMATION_FORMAT = dwarf;
				ENABLE_STRICT_OBJC_MSGSEND = YES;
				ENABLE_TESTABILITY = YES;
				ENABLE_USER_SCRIPT_SANDBOXING = YES;
				GCC_C_LANGUAGE_STANDARD = gnu17;
				GCC_DYNAMIC_NO_PIC = NO;
				GCC_NO_COMMON_BLOCKS = YES;
				GCC_OPTIMIZATION_LEVEL = 0;
				GCC_PREPROCESSOR_DEFINITIONS = (
					"DEBUG=1",
					"$(inherited)",
				);
				GCC_WARN_64_TO_32_BIT_CONVERSION = YES;
				GCC_WARN_ABOUT_RETURN_TYPE = YES_ERROR;
				GCC_WARN_UNDECLARED_SELECTOR = YES;
				GCC_WARN_UNINITIALIZED_AUTOS = YES_AGGRESSIVE;
				GCC_WARN_UNUSED_FUNCTION = YES;
				GCC_WARN_UNUSED_VARIABLE = YES;
				IPHONEOS_DEPLOYMENT_TARGET = 17.0;
				LOCALIZATION_PREFERS_STRING_CATALOGS = YES;
				MTL_ENABLE_DEBUG_INFO = INCLUDE_SOURCE;
				MTL_FAST_MATH = YES;
				ONLY_ACTIVE_ARCH = YES;
				SDKROOT = iphoneos;
				SWIFT_ACTIVE_COMPILATION_CONDITIONS = "DEBUG $(inherited)";
				SWIFT_OPTIMIZATION_LEVEL = "-Onone";
			};
			name = Debug;
		};
		EAA579D62A7E68E80014C23E /* Release */ = {
			isa = XCBuildConfiguration;
			buildSettings = {
				ALWAYS_SEARCH_USER_PATHS = NO;
				ASSETCATALOG_COMPILER_GENERATE_SWIFT_ASSET_SYMBOL_EXTENSIONS = YES;
				CLANG_ANALYZER_NONNULL = YES;
				CLANG_ANALYZER_NUMBER_OBJECT_CONVERSION = YES_AGGRESSIVE;
				CLANG_CXX_LANGUAGE_STANDARD = "gnu++20";
				CLANG_ENABLE_MODULES = YES;
				CLANG_ENABLE_OBJC_ARC = YES;
				CLANG_ENABLE_OBJC_WEAK = YES;
				CLANG_WARN_BLOCK_CAPTURE_AUTORELEASING = YES;
				CLANG_WARN_BOOL_CONVERSION = YES;
				CLANG_WARN_COMMA = YES;
				CLANG_WARN_CONSTANT_CONVERSION = YES;
				CLANG_WARN_DEPRECATED_OBJC_IMPLEMENTATIONS = YES;
				CLANG_WARN_DIRECT_OBJC_ISA_USAGE = YES_ERROR;
				CLANG_WARN_DOCUMENTATION_COMMENTS = YES;
				CLANG_WARN_EMPTY_BODY = YES;
				CLANG_WARN_ENUM_CONVERSION = YES;
				CLANG_WARN_INFINITE_RECURSION = YES;
				CLANG_WARN_INT_CONVERSION = YES;
				CLANG_WARN_NON_LITERAL_NULL_CONVERSION = YES;
				CLANG_WARN_OBJC_IMPLICIT_RETAIN_SELF = YES;
				CLANG_WARN_OBJC_LITERAL_CONVERSION = YES;
				CLANG_WARN_OBJC_ROOT_CLASS = YES_ERROR;
				CLANG_WARN_QUOTED_INCLUDE_IN_FRAMEWORK_HEADER = YES;
				CLANG_WARN_RANGE_LOOP_ANALYSIS = YES;
				CLANG_WARN_STRICT_PROTOTYPES = YES;
				CLANG_WARN_SUSPICIOUS_MOVE = YES;
				CLANG_WARN_UNGUARDED_AVAILABILITY = YES_AGGRESSIVE;
				CLANG_WARN_UNREACHABLE_CODE = YES;
				CLANG_WARN__DUPLICATE_METHOD_MATCH = YES;
				COPY_PHASE_STRIP = NO;
				DEBUG_INFORMATION_FORMAT = "dwarf-with-dsym";
				ENABLE_NS_ASSERTIONS = NO;
				ENABLE_STRICT_OBJC_MSGSEND = YES;
				ENABLE_USER_SCRIPT_SANDBOXING = YES;
				GCC_C_LANGUAGE_STANDARD = gnu17;
				GCC_NO_COMMON_BLOCKS = YES;
				GCC_WARN_64_TO_32_BIT_CONVERSION = YES;
				GCC_WARN_ABOUT_RETURN_TYPE = YES_ERROR;
				GCC_WARN_UNDECLARED_SELECTOR = YES;
				GCC_WARN_UNINITIALIZED_AUTOS = YES_AGGRESSIVE;
				GCC_WARN_UNUSED_FUNCTION = YES;
				GCC_WARN_UNUSED_VARIABLE = YES;
				IPHONEOS_DEPLOYMENT_TARGET = 17.0;
				LOCALIZATION_PREFERS_STRING_CATALOGS = YES;
				MTL_ENABLE_DEBUG_INFO = NO;
				MTL_FAST_MATH = YES;
				SDKROOT = iphoneos;
				SWIFT_COMPILATION_MODE = wholemodule;
				VALIDATE_PRODUCT = YES;
			};
			name = Release;
		};
		EAA579D82A7E68E80014C23E /* Debug */ = {
			isa = XCBuildConfiguration;
			buildSettings = {
				ASSETCATALOG_COMPILER_APPICON_NAME = AppIcon;
				ASSETCATALOG_COMPILER_GLOBAL_ACCENT_COLOR_NAME = AccentColor;
				CODE_SIGN_STYLE = Automatic;
				CURRENT_PROJECT_VERSION = 1;
				DEVELOPMENT_ASSET_PATHS = "\"Poker Money Tracker Aug 2023/Preview Content\"";
				DEVELOPMENT_TEAM = UDRMU8M92X;
				ENABLE_PREVIEWS = YES;
				GENERATE_INFOPLIST_FILE = YES;
				INFOPLIST_KEY_UIApplicationSceneManifest_Generation = YES;
				INFOPLIST_KEY_UIApplicationSupportsIndirectInputEvents = YES;
				INFOPLIST_KEY_UILaunchScreen_Generation = YES;
				INFOPLIST_KEY_UISupportedInterfaceOrientations_iPad = "UIInterfaceOrientationPortrait UIInterfaceOrientationPortraitUpsideDown UIInterfaceOrientationLandscapeLeft UIInterfaceOrientationLandscapeRight";
				INFOPLIST_KEY_UISupportedInterfaceOrientations_iPhone = "UIInterfaceOrientationPortrait UIInterfaceOrientationLandscapeLeft UIInterfaceOrientationLandscapeRight";
				LD_RUNPATH_SEARCH_PATHS = (
					"$(inherited)",
					"@executable_path/Frameworks",
				);
				MARKETING_VERSION = 1.0;
				PRODUCT_BUNDLE_IDENTIFIER = "chese.Poker-Money-Tracker-Aug-2023";
				PRODUCT_NAME = "$(TARGET_NAME)";
				SWIFT_EMIT_LOC_STRINGS = YES;
				SWIFT_VERSION = 5.0;
				TARGETED_DEVICE_FAMILY = "1,2";
			};
			name = Debug;
		};
		EAA579D92A7E68E80014C23E /* Release */ = {
			isa = XCBuildConfiguration;
			buildSettings = {
				ASSETCATALOG_COMPILER_APPICON_NAME = AppIcon;
				ASSETCATALOG_COMPILER_GLOBAL_ACCENT_COLOR_NAME = AccentColor;
				CODE_SIGN_STYLE = Automatic;
				CURRENT_PROJECT_VERSION = 1;
				DEVELOPMENT_ASSET_PATHS = "\"Poker Money Tracker Aug 2023/Preview Content\"";
				DEVELOPMENT_TEAM = UDRMU8M92X;
				ENABLE_PREVIEWS = YES;
				GENERATE_INFOPLIST_FILE = YES;
				INFOPLIST_KEY_UIApplicationSceneManifest_Generation = YES;
				INFOPLIST_KEY_UIApplicationSupportsIndirectInputEvents = YES;
				INFOPLIST_KEY_UILaunchScreen_Generation = YES;
				INFOPLIST_KEY_UISupportedInterfaceOrientations_iPad = "UIInterfaceOrientationPortrait UIInterfaceOrientationPortraitUpsideDown UIInterfaceOrientationLandscapeLeft UIInterfaceOrientationLandscapeRight";
				INFOPLIST_KEY_UISupportedInterfaceOrientations_iPhone = "UIInterfaceOrientationPortrait UIInterfaceOrientationLandscapeLeft UIInterfaceOrientationLandscapeRight";
				LD_RUNPATH_SEARCH_PATHS = (
					"$(inherited)",
					"@executable_path/Frameworks",
				);
				MARKETING_VERSION = 1.0;
				PRODUCT_BUNDLE_IDENTIFIER = "chese.Poker-Money-Tracker-Aug-2023";
				PRODUCT_NAME = "$(TARGET_NAME)";
				SWIFT_EMIT_LOC_STRINGS = YES;
				SWIFT_VERSION = 5.0;
				TARGETED_DEVICE_FAMILY = "1,2";
			};
			name = Release;
		};
/* End XCBuildConfiguration section */

/* Begin XCConfigurationList section */
		EAA579C22A7E68E50014C23E /* Build configuration list for PBXProject "Poker Money Tracker Aug 2023" */ = {
			isa = XCConfigurationList;
			buildConfigurations = (
				EAA579D52A7E68E80014C23E /* Debug */,
				EAA579D62A7E68E80014C23E /* Release */,
			);
			defaultConfigurationIsVisible = 0;
			defaultConfigurationName = Release;
		};
		EAA579D72A7E68E80014C23E /* Build configuration list for PBXNativeTarget "Poker Money Tracker Aug 2023" */ = {
			isa = XCConfigurationList;
			buildConfigurations = (
				EAA579D82A7E68E80014C23E /* Debug */,
				EAA579D92A7E68E80014C23E /* Release */,
			);
			defaultConfigurationIsVisible = 0;
			defaultConfigurationName = Release;
		};
/* End XCConfigurationList section */
	};
	rootObject = EAA579BF2A7E68E50014C23E /* Project object */;
}
